
Microsoft Visual Studio Solution File, Format Version 12.00
# Visual Studio Version 17
VisualStudioVersion = 17.8.34309.116
MinimumVisualStudioVersion = 10.0.40219.1
Project("{FAE04EC0-301F-11D3-BF4B-00C04F79EFBC}") = "ScriptPrepdocs", "ScriptPrepdocs\ScriptPrepdocs.csproj", "{DD6ECF71-27CF-485D-B75F-9B853FD7EDCF}"
EndProject
Global
	GlobalSection(SolutionConfigurationPlatforms) = preSolution
		Debug|Any CPU = Debug|Any CPU
		Release|Any CPU = Release|Any CPU
	EndGlobalSection
	GlobalSection(ProjectConfigurationPlatforms) = postSolution
		{DD6ECF71-27CF-485D-B75F-9B853FD7EDCF}.Debug|Any CPU.ActiveCfg = Debug|Any CPU
		{DD6ECF71-27CF-485D-B75F-9B853FD7EDCF}.Debug|Any CPU.Build.0 = Debug|Any CPU
		{DD6ECF71-27CF-485D-B75F-9B853FD7EDCF}.Release|Any CPU.ActiveCfg = Release|Any CPU
		{DD6ECF71-27CF-485D-B75F-9B853FD7EDCF}.Release|Any CPU.Build.0 = Release|Any CPU
	EndGlobalSection
	GlobalSection(SolutionProperties) = preSolution
		HideSolutionNode = FALSE
	EndGlobalSection
	GlobalSection(ExtensibilityGlobals) = postSolution
		SolutionGuid = {7B44B17B-6D3B-4C47-A25C-A75A352EAF06}
	EndGlobalSection
EndGlobal
